# This file is automatically @generated by Cargo.
# It is not intended for manual editing.
version = 4

[[package]]
name = "use-wasi"
version = "0.0.1"

[[package]]
name = "use-wasm"
version = "0.0.1"
dependencies = [
 "use-wasi",
 "use-wasm-binary",
 "use-wasm-component",
 "use-wasm-export",
 "use-wasm-feature",
 "use-wasm-function",
 "use-wasm-import",
 "use-wasm-memory",
 "use-wasm-module",
 "use-wasm-section",
 "use-wasm-target",
 "use-wasm-text",
 "use-wasm-value",
 "use-wasm-wit",
]

[[package]]
name = "use-wasm-binary"
version = "0.0.1"

[[package]]
name = "use-wasm-component"
version = "0.0.1"

[[package]]
name = "use-wasm-export"
version = "0.0.1"

[[package]]
name = "use-wasm-feature"
version = "0.0.1"

[[package]]
name = "use-wasm-function"
version = "0.0.1"
dependencies = [
 "use-wasm-value",
]

[[package]]
name = "use-wasm-import"
version = "0.0.1"

[[package]]
name = "use-wasm-memory"
version = "0.0.1"

[[package]]
name = "use-wasm-module"
version = "0.0.1"

[[package]]
name = "use-wasm-section"
version = "0.0.1"

[[package]]
name = "use-wasm-target"
version = "0.0.1"

[[package]]
name = "use-wasm-text"
version = "0.0.1"

[[package]]
name = "use-wasm-value"
version = "0.0.1"

[[package]]
name = "use-wasm-wit"
version = "0.0.1"
